
Microsoft Visual Studio Solution File, Format Version 12.00
# Visual Studio Version 17
VisualStudioVersion = 17.14.36429.23
MinimumVisualStudioVersion = 10.0.40219.1
Project("{FAE04EC0-301F-11D3-BF4B-00C04F79EFBC}") = "UniThesis.Infrastructure", "UniThesis.Infrastructure\UniThesis.Infrastructure.csproj", "{571A982D-ED05-40A5-AF5B-A11E457901E3}"
EndProject
Project("{FAE04EC0-301F-11D3-BF4B-00C04F79EFBC}") = "UniThesis.Application", "UniThesis.Application\UniThesis.Application.csproj", "{1AF0F26E-5463-40EF-BF8E-F76ACD75FFF6}"
EndProject
Project("{FAE04EC0-301F-11D3-BF4B-00C04F79EFBC}") = "UniThesis.API", "UniThesis.API\UniThesis.API.csproj", "{5928473C-4A96-45B4-A08E-2D9253A803E8}"
EndProject
Project("{FAE04EC0-301F-11D3-BF4B-00C04F79EFBC}") = "UniThesis.Persistence", "UniThesis.Persistence\UniThesis.Persistence.csproj", "{1367E84A-C23E-4BB6-8999-1F8BBACDC15D}"
EndProject
Project("{FAE04EC0-301F-11D3-BF4B-00C04F79EFBC}") = "UniThesis.Domain", "UniThesis.Domain\UniThesis.Domain.csproj", "{A4EDBC95-9D93-00A5-EC31-CD7C662CF75D}"
EndProject
Global
	GlobalSection(SolutionConfigurationPlatforms) = preSolution
		Debug|Any CPU = Debug|Any CPU
		Release|Any CPU = Release|Any CPU
	EndGlobalSection
	GlobalSection(ProjectConfigurationPlatforms) = postSolution
		{571A982D-ED05-40A5-AF5B-A11E457901E3}.Debug|Any CPU.ActiveCfg = Debug|Any CPU
		{571A982D-ED05-40A5-AF5B-A11E457901E3}.Debug|Any CPU.Build.0 = Debug|Any CPU
		{571A982D-ED05-40A5-AF5B-A11E457901E3}.Release|Any CPU.ActiveCfg = Release|Any CPU
		{571A982D-ED05-40A5-AF5B-A11E457901E3}.Release|Any CPU.Build.0 = Release|Any CPU
		{1AF0F26E-5463-40EF-BF8E-F76ACD75FFF6}.Debug|Any CPU.ActiveCfg = Debug|Any CPU
		{1AF0F26E-5463-40EF-BF8E-F76ACD75FFF6}.Debug|Any CPU.Build.0 = Debug|Any CPU
		{1AF0F26E-5463-40EF-BF8E-F76ACD75FFF6}.Release|Any CPU.ActiveCfg = Release|Any CPU
		{1AF0F26E-5463-40EF-BF8E-F76ACD75FFF6}.Release|Any CPU.Build.0 = Release|Any CPU
		{5928473C-4A96-45B4-A08E-2D9253A803E8}.Debug|Any CPU.ActiveCfg = Debug|Any CPU
		{5928473C-4A96-45B4-A08E-2D9253A803E8}.Debug|Any CPU.Build.0 = Debug|Any CPU
		{5928473C-4A96-45B4-A08E-2D9253A803E8}.Release|Any CPU.ActiveCfg = Release|Any CPU
		{5928473C-4A96-45B4-A08E-2D9253A803E8}.Release|Any CPU.Build.0 = Release|Any CPU
		{1367E84A-C23E-4BB6-8999-1F8BBACDC15D}.Debug|Any CPU.ActiveCfg = Debug|Any CPU
		{1367E84A-C23E-4BB6-8999-1F8BBACDC15D}.Debug|Any CPU.Build.0 = Debug|Any CPU
		{1367E84A-C23E-4BB6-8999-1F8BBACDC15D}.Release|Any CPU.ActiveCfg = Release|Any CPU
		{1367E84A-C23E-4BB6-8999-1F8BBACDC15D}.Release|Any CPU.Build.0 = Release|Any CPU
		{A4EDBC95-9D93-00A5-EC31-CD7C662CF75D}.Debug|Any CPU.ActiveCfg = Debug|Any CPU
		{A4EDBC95-9D93-00A5-EC31-CD7C662CF75D}.Debug|Any CPU.Build.0 = Debug|Any CPU
		{A4EDBC95-9D93-00A5-EC31-CD7C662CF75D}.Release|Any CPU.ActiveCfg = Release|Any CPU
		{A4EDBC95-9D93-00A5-EC31-CD7C662CF75D}.Release|Any CPU.Build.0 = Release|Any CPU
	EndGlobalSection
	GlobalSection(SolutionProperties) = preSolution
		HideSolutionNode = FALSE
	EndGlobalSection
	GlobalSection(ExtensibilityGlobals) = postSolution
		SolutionGuid = {9B7E5A44-0499-493E-82C4-B5BB35B42ED5}
	EndGlobalSection
EndGlobal
